
Microsoft Visual Studio Solution File, Format Version 12.00
# Visual Studio Version 17
VisualStudioVersion = 17.5.002.0
MinimumVisualStudioVersion = 10.0.40219.1
Project("{9A19103F-16F7-4668-BE54-9A1E7A4F7556}") = "Factorial Logic", "Factorial Logic.csproj", "{5F3C63D9-EDED-400D-9341-52D4BCFAAEA6}"
EndProject
Project("{FAE04EC0-301F-11D3-BF4B-00C04F79EFBC}") = "Swap numbers", "..\Swap numbers\Swap numbers.csproj", "{3EC87BA3-7BD2-4C58-B736-A131081C3A16}"
EndProject
Global
	GlobalSection(SolutionConfigurationPlatforms) = preSolution
		Debug|Any CPU = Debug|Any CPU
		Release|Any CPU = Release|Any CPU
	EndGlobalSection
	GlobalSection(ProjectConfigurationPlatforms) = postSolution
		{5F3C63D9-EDED-400D-9341-52D4BCFAAEA6}.Debug|Any CPU.ActiveCfg = Debug|Any CPU
		{5F3C63D9-EDED-400D-9341-52D4BCFAAEA6}.Debug|Any CPU.Build.0 = Debug|Any CPU
		{5F3C63D9-EDED-400D-9341-52D4BCFAAEA6}.Release|Any CPU.ActiveCfg = Release|Any CPU
		{5F3C63D9-EDED-400D-9341-52D4BCFAAEA6}.Release|Any CPU.Build.0 = Release|Any CPU
		{3EC87BA3-7BD2-4C58-B736-A131081C3A16}.Debug|Any CPU.ActiveCfg = Debug|Any CPU
		{3EC87BA3-7BD2-4C58-B736-A131081C3A16}.Debug|Any CPU.Build.0 = Debug|Any CPU
		{3EC87BA3-7BD2-4C58-B736-A131081C3A16}.Release|Any CPU.ActiveCfg = Release|Any CPU
		{3EC87BA3-7BD2-4C58-B736-A131081C3A16}.Release|Any CPU.Build.0 = Release|Any CPU
	EndGlobalSection
	GlobalSection(SolutionProperties) = preSolution
		HideSolutionNode = FALSE
	EndGlobalSection
	GlobalSection(ExtensibilityGlobals) = postSolution
		SolutionGuid = {AD199B87-E3BF-4614-BADB-D218BE1A630C}
	EndGlobalSection
EndGlobal
