
Microsoft Visual Studio Solution File, Format Version 12.00
# Visual Studio Version 17
VisualStudioVersion = 17.5.002.0
MinimumVisualStudioVersion = 10.0.40219.1
Project("{9A19103F-16F7-4668-BE54-9A1E7A4F7556}") = "String Length", "String Length.csproj", "{6D4203E7-5BCF-4B1C-9A3D-A499B28299A8}"
EndProject
Project("{FAE04EC0-301F-11D3-BF4B-00C04F79EFBC}") = "Bauble Sort", "..\Bauble Sort\Bauble Sort.csproj", "{F6D252B6-077E-4783-8F97-757B33E7B97B}"
EndProject
Global
	GlobalSection(SolutionConfigurationPlatforms) = preSolution
		Debug|Any CPU = Debug|Any CPU
		Release|Any CPU = Release|Any CPU
	EndGlobalSection
	GlobalSection(ProjectConfigurationPlatforms) = postSolution
		{6D4203E7-5BCF-4B1C-9A3D-A499B28299A8}.Debug|Any CPU.ActiveCfg = Debug|Any CPU
		{6D4203E7-5BCF-4B1C-9A3D-A499B28299A8}.Debug|Any CPU.Build.0 = Debug|Any CPU
		{6D4203E7-5BCF-4B1C-9A3D-A499B28299A8}.Release|Any CPU.ActiveCfg = Release|Any CPU
		{6D4203E7-5BCF-4B1C-9A3D-A499B28299A8}.Release|Any CPU.Build.0 = Release|Any CPU
		{F6D252B6-077E-4783-8F97-757B33E7B97B}.Debug|Any CPU.ActiveCfg = Debug|Any CPU
		{F6D252B6-077E-4783-8F97-757B33E7B97B}.Debug|Any CPU.Build.0 = Debug|Any CPU
		{F6D252B6-077E-4783-8F97-757B33E7B97B}.Release|Any CPU.ActiveCfg = Release|Any CPU
		{F6D252B6-077E-4783-8F97-757B33E7B97B}.Release|Any CPU.Build.0 = Release|Any CPU
	EndGlobalSection
	GlobalSection(SolutionProperties) = preSolution
		HideSolutionNode = FALSE
	EndGlobalSection
	GlobalSection(ExtensibilityGlobals) = postSolution
		SolutionGuid = {57CC3B76-6CD5-4956-881A-5718C5BF9D7D}
	EndGlobalSection
EndGlobal
